
Microsoft Visual Studio Solution File, Format Version 12.00
# Visual Studio Version 17
VisualStudioVersion = 17.12.35323.107
MinimumVisualStudioVersion = 10.0.40219.1
Project("{FAE04EC0-301F-11D3-BF4B-00C04F79EFBC}") = "ChatServer", "ChatServer\ChatServer.csproj", "{67F9F444-0499-4ABC-9EF7-7483DA74DEBF}"
EndProject
Project("{FAE04EC0-301F-11D3-BF4B-00C04F79EFBC}") = "ChatClient", "ChatClient\ChatClient.csproj", "{B405363C-07F4-492D-9A26-7612B8F16305}"
EndProject
Global
	GlobalSection(SolutionConfigurationPlatforms) = preSolution
		Debug|Any CPU = Debug|Any CPU
		Release|Any CPU = Release|Any CPU
	EndGlobalSection
	GlobalSection(ProjectConfigurationPlatforms) = postSolution
		{67F9F444-0499-4ABC-9EF7-7483DA74DEBF}.Debug|Any CPU.ActiveCfg = Debug|Any CPU
		{67F9F444-0499-4ABC-9EF7-7483DA74DEBF}.Debug|Any CPU.Build.0 = Debug|Any CPU
		{67F9F444-0499-4ABC-9EF7-7483DA74DEBF}.Release|Any CPU.ActiveCfg = Release|Any CPU
		{67F9F444-0499-4ABC-9EF7-7483DA74DEBF}.Release|Any CPU.Build.0 = Release|Any CPU
		{B405363C-07F4-492D-9A26-7612B8F16305}.Debug|Any CPU.ActiveCfg = Debug|Any CPU
		{B405363C-07F4-492D-9A26-7612B8F16305}.Debug|Any CPU.Build.0 = Debug|Any CPU
		{B405363C-07F4-492D-9A26-7612B8F16305}.Release|Any CPU.ActiveCfg = Release|Any CPU
		{B405363C-07F4-492D-9A26-7612B8F16305}.Release|Any CPU.Build.0 = Release|Any CPU
	EndGlobalSection
	GlobalSection(SolutionProperties) = preSolution
		HideSolutionNode = FALSE
	EndGlobalSection
	GlobalSection(ExtensibilityGlobals) = postSolution
		SolutionGuid = {C89FED53-83BD-4496-B5C3-1107CB24A4B8}
	EndGlobalSection
EndGlobal
